
Microsoft Visual Studio Solution File, Format Version 12.00
# Visual Studio Version 17
VisualStudioVersion = 17.0.31903.59
MinimumVisualStudioVersion = 10.0.40219.1
Project("{2150E333-8FDC-42A3-9474-1A3956D46DE8}") = "backend", "backend", "{1AE8ACA6-933B-BF2A-3671-3E2EAC007D16}"
EndProject
Project("{FAE04EC0-301F-11D3-BF4B-00C04F79EFBC}") = "StillMaster.API", "backend\StillMaster.API\StillMaster.API.csproj", "{A382BE74-8186-44AF-BA99-BCBA10B00444}"
EndProject
Project("{FAE04EC0-301F-11D3-BF4B-00C04F79EFBC}") = "StillMaster.Core", "backend\StillMaster.Core\StillMaster.Core.csproj", "{93F8948C-2751-4CC1-BEEE-A7EBB6E8E01D}"
EndProject
Project("{FAE04EC0-301F-11D3-BF4B-00C04F79EFBC}") = "StillMaster.Infrastructure", "backend\StillMaster.Infrastructure\StillMaster.Infrastructure.csproj", "{2F8736AC-791B-4C22-9A4F-37FA43354155}"
EndProject
Project("{FAE04EC0-301F-11D3-BF4B-00C04F79EFBC}") = "StillMaster.Application", "backend\StillMaster.Application\StillMaster.Application.csproj", "{0A5D1047-0D42-4631-A69A-FA04AA1DC45D}"
EndProject
Global
	GlobalSection(SolutionConfigurationPlatforms) = preSolution
		Debug|Any CPU = Debug|Any CPU
		Debug|x64 = Debug|x64
		Debug|x86 = Debug|x86
		Release|Any CPU = Release|Any CPU
		Release|x64 = Release|x64
		Release|x86 = Release|x86
	EndGlobalSection
	GlobalSection(ProjectConfigurationPlatforms) = postSolution
		{A382BE74-8186-44AF-BA99-BCBA10B00444}.Debug|Any CPU.ActiveCfg = Debug|Any CPU
		{A382BE74-8186-44AF-BA99-BCBA10B00444}.Debug|Any CPU.Build.0 = Debug|Any CPU
		{A382BE74-8186-44AF-BA99-BCBA10B00444}.Debug|x64.ActiveCfg = Debug|Any CPU
		{A382BE74-8186-44AF-BA99-BCBA10B00444}.Debug|x64.Build.0 = Debug|Any CPU
		{A382BE74-8186-44AF-BA99-BCBA10B00444}.Debug|x86.ActiveCfg = Debug|Any CPU
		{A382BE74-8186-44AF-BA99-BCBA10B00444}.Debug|x86.Build.0 = Debug|Any CPU
		{A382BE74-8186-44AF-BA99-BCBA10B00444}.Release|Any CPU.ActiveCfg = Release|Any CPU
		{A382BE74-8186-44AF-BA99-BCBA10B00444}.Release|Any CPU.Build.0 = Release|Any CPU
		{A382BE74-8186-44AF-BA99-BCBA10B00444}.Release|x64.ActiveCfg = Release|Any CPU
		{A382BE74-8186-44AF-BA99-BCBA10B00444}.Release|x64.Build.0 = Release|Any CPU
		{A382BE74-8186-44AF-BA99-BCBA10B00444}.Release|x86.ActiveCfg = Release|Any CPU
		{A382BE74-8186-44AF-BA99-BCBA10B00444}.Release|x86.Build.0 = Release|Any CPU
		{93F8948C-2751-4CC1-BEEE-A7EBB6E8E01D}.Debug|Any CPU.ActiveCfg = Debug|Any CPU
		{93F8948C-2751-4CC1-BEEE-A7EBB6E8E01D}.Debug|Any CPU.Build.0 = Debug|Any CPU
		{93F8948C-2751-4CC1-BEEE-A7EBB6E8E01D}.Debug|x64.ActiveCfg = Debug|Any CPU
		{93F8948C-2751-4CC1-BEEE-A7EBB6E8E01D}.Debug|x64.Build.0 = Debug|Any CPU
		{93F8948C-2751-4CC1-BEEE-A7EBB6E8E01D}.Debug|x86.ActiveCfg = Debug|Any CPU
		{93F8948C-2751-4CC1-BEEE-A7EBB6E8E01D}.Debug|x86.Build.0 = Debug|Any CPU
		{93F8948C-2751-4CC1-BEEE-A7EBB6E8E01D}.Release|Any CPU.ActiveCfg = Release|Any CPU
		{93F8948C-2751-4CC1-BEEE-A7EBB6E8E01D}.Release|Any CPU.Build.0 = Release|Any CPU
		{93F8948C-2751-4CC1-BEEE-A7EBB6E8E01D}.Release|x64.ActiveCfg = Release|Any CPU
		{93F8948C-2751-4CC1-BEEE-A7EBB6E8E01D}.Release|x64.Build.0 = Release|Any CPU
		{93F8948C-2751-4CC1-BEEE-A7EBB6E8E01D}.Release|x86.ActiveCfg = Release|Any CPU
		{93F8948C-2751-4CC1-BEEE-A7EBB6E8E01D}.Release|x86.Build.0 = Release|Any CPU
		{2F8736AC-791B-4C22-9A4F-37FA43354155}.Debug|Any CPU.ActiveCfg = Debug|Any CPU
		{2F8736AC-791B-4C22-9A4F-37FA43354155}.Debug|Any CPU.Build.0 = Debug|Any CPU
		{2F8736AC-791B-4C22-9A4F-37FA43354155}.Debug|x64.ActiveCfg = Debug|Any CPU
		{2F8736AC-791B-4C22-9A4F-37FA43354155}.Debug|x64.Build.0 = Debug|Any CPU
		{2F8736AC-791B-4C22-9A4F-37FA43354155}.Debug|x86.ActiveCfg = Debug|Any CPU
		{2F8736AC-791B-4C22-9A4F-37FA43354155}.Debug|x86.Build.0 = Debug|Any CPU
		{2F8736AC-791B-4C22-9A4F-37FA43354155}.Release|Any CPU.ActiveCfg = Release|Any CPU
		{2F8736AC-791B-4C22-9A4F-37FA43354155}.Release|Any CPU.Build.0 = Release|Any CPU
		{2F8736AC-791B-4C22-9A4F-37FA43354155}.Release|x64.ActiveCfg = Release|Any CPU
		{2F8736AC-791B-4C22-9A4F-37FA43354155}.Release|x64.Build.0 = Release|Any CPU
		{2F8736AC-791B-4C22-9A4F-37FA43354155}.Release|x86.ActiveCfg = Release|Any CPU
		{2F8736AC-791B-4C22-9A4F-37FA43354155}.Release|x86.Build.0 = Release|Any CPU
		{0A5D1047-0D42-4631-A69A-FA04AA1DC45D}.Debug|Any CPU.ActiveCfg = Debug|Any CPU
		{0A5D1047-0D42-4631-A69A-FA04AA1DC45D}.Debug|Any CPU.Build.0 = Debug|Any CPU
		{0A5D1047-0D42-4631-A69A-FA04AA1DC45D}.Debug|x64.ActiveCfg = Debug|Any CPU
		{0A5D1047-0D42-4631-A69A-FA04AA1DC45D}.Debug|x64.Build.0 = Debug|Any CPU
		{0A5D1047-0D42-4631-A69A-FA04AA1DC45D}.Debug|x86.ActiveCfg = Debug|Any CPU
		{0A5D1047-0D42-4631-A69A-FA04AA1DC45D}.Debug|x86.Build.0 = Debug|Any CPU
		{0A5D1047-0D42-4631-A69A-FA04AA1DC45D}.Release|Any CPU.ActiveCfg = Release|Any CPU
		{0A5D1047-0D42-4631-A69A-FA04AA1DC45D}.Release|Any CPU.Build.0 = Release|Any CPU
		{0A5D1047-0D42-4631-A69A-FA04AA1DC45D}.Release|x64.ActiveCfg = Release|Any CPU
		{0A5D1047-0D42-4631-A69A-FA04AA1DC45D}.Release|x64.Build.0 = Release|Any CPU
		{0A5D1047-0D42-4631-A69A-FA04AA1DC45D}.Release|x86.ActiveCfg = Release|Any CPU
		{0A5D1047-0D42-4631-A69A-FA04AA1DC45D}.Release|x86.Build.0 = Release|Any CPU
	EndGlobalSection
	GlobalSection(SolutionProperties) = preSolution
		HideSolutionNode = FALSE
	EndGlobalSection
	GlobalSection(NestedProjects) = preSolution
		{A382BE74-8186-44AF-BA99-BCBA10B00444} = {1AE8ACA6-933B-BF2A-3671-3E2EAC007D16}
		{93F8948C-2751-4CC1-BEEE-A7EBB6E8E01D} = {1AE8ACA6-933B-BF2A-3671-3E2EAC007D16}
		{2F8736AC-791B-4C22-9A4F-37FA43354155} = {1AE8ACA6-933B-BF2A-3671-3E2EAC007D16}
		{0A5D1047-0D42-4631-A69A-FA04AA1DC45D} = {1AE8ACA6-933B-BF2A-3671-3E2EAC007D16}
	EndGlobalSection
EndGlobal
